<Solution>
  <Project Path="FinanceTracker.API/FinanceTracker.API.csproj" />
  <Project Path="FinanceTracker.Application/FinanceTracker.Application.csproj" />
  <Project Path="FinanceTracker.Domain/FinanceTracker.Domain.csproj" />
  <Project Path="FinanceTracker.Infrastructure/FinanceTracker.Infrastructure.csproj" />
  <Project Path="FinanceTracker.Shared/FinanceTracker.Shared.csproj" />
  <Project Path="FinanceTracker.Tests/FinanceTracker.Tests.csproj" />
</Solution>
